
Microsoft Visual Studio Solution File, Format Version 12.00
# Visual Studio Version 16
VisualStudioVersion = 16.0.29806.167
MinimumVisualStudioVersion = 10.0.40219.1
Project("{9A19103F-16F7-4668-BE54-9A1E7A4F7556}") = "WebsocketClient.Abstractions", "src\WebsocketClient.Abstractions\WebsocketClient.Abstractions.csproj", "{2193E51E-A21B-4F4E-B4D2-467AF4AC950F}"
EndProject
Project("{2150E333-8FDC-42A3-9474-1A3956D46DE8}") = "test", "test", "{A5AACB63-AC59-49C3-9A9C-4489F8B1D65A}"
EndProject
Project("{9A19103F-16F7-4668-BE54-9A1E7A4F7556}") = "WebsocketClient.Tests", "test\WebsocketClient.Tests\WebsocketClient.Tests.csproj", "{5AD7B97C-8363-4D5A-B74A-20F6862A5DE0}"
EndProject
Project("{2150E333-8FDC-42A3-9474-1A3956D46DE8}") = "clients", "clients", "{EE711B41-5A40-4E63-A85D-B924A10686CF}"
EndProject
Project("{9A19103F-16F7-4668-BE54-9A1E7A4F7556}") = "System.Net.WebSockets.WebsocketClient", "src\System.Net.WebSockets.WebsocketClient\System.Net.WebSockets.WebsocketClient.csproj", "{3B866723-181D-469A-8DD6-197A5700C2C9}"
EndProject
Project("{9A19103F-16F7-4668-BE54-9A1E7A4F7556}") = "WebSocket4Net.WebsocketClient", "src\WebSocket4Net.WebsocketClient\WebSocket4Net.WebsocketClient.csproj", "{E5B9A3E4-87D9-47DD-9674-E249BB5774A8}"
EndProject
Global
	GlobalSection(SolutionConfigurationPlatforms) = preSolution
		Debug|Any CPU = Debug|Any CPU
		Release|Any CPU = Release|Any CPU
	EndGlobalSection
	GlobalSection(ProjectConfigurationPlatforms) = postSolution
		{2193E51E-A21B-4F4E-B4D2-467AF4AC950F}.Debug|Any CPU.ActiveCfg = Debug|Any CPU
		{2193E51E-A21B-4F4E-B4D2-467AF4AC950F}.Debug|Any CPU.Build.0 = Debug|Any CPU
		{2193E51E-A21B-4F4E-B4D2-467AF4AC950F}.Release|Any CPU.ActiveCfg = Release|Any CPU
		{2193E51E-A21B-4F4E-B4D2-467AF4AC950F}.Release|Any CPU.Build.0 = Release|Any CPU
		{5AD7B97C-8363-4D5A-B74A-20F6862A5DE0}.Debug|Any CPU.ActiveCfg = Debug|Any CPU
		{5AD7B97C-8363-4D5A-B74A-20F6862A5DE0}.Debug|Any CPU.Build.0 = Debug|Any CPU
		{5AD7B97C-8363-4D5A-B74A-20F6862A5DE0}.Release|Any CPU.ActiveCfg = Release|Any CPU
		{5AD7B97C-8363-4D5A-B74A-20F6862A5DE0}.Release|Any CPU.Build.0 = Release|Any CPU
		{3B866723-181D-469A-8DD6-197A5700C2C9}.Debug|Any CPU.ActiveCfg = Debug|Any CPU
		{3B866723-181D-469A-8DD6-197A5700C2C9}.Debug|Any CPU.Build.0 = Debug|Any CPU
		{3B866723-181D-469A-8DD6-197A5700C2C9}.Release|Any CPU.ActiveCfg = Release|Any CPU
		{3B866723-181D-469A-8DD6-197A5700C2C9}.Release|Any CPU.Build.0 = Release|Any CPU
		{E5B9A3E4-87D9-47DD-9674-E249BB5774A8}.Debug|Any CPU.ActiveCfg = Debug|Any CPU
		{E5B9A3E4-87D9-47DD-9674-E249BB5774A8}.Debug|Any CPU.Build.0 = Debug|Any CPU
		{E5B9A3E4-87D9-47DD-9674-E249BB5774A8}.Release|Any CPU.ActiveCfg = Release|Any CPU
		{E5B9A3E4-87D9-47DD-9674-E249BB5774A8}.Release|Any CPU.Build.0 = Release|Any CPU
	EndGlobalSection
	GlobalSection(SolutionProperties) = preSolution
		HideSolutionNode = FALSE
	EndGlobalSection
	GlobalSection(NestedProjects) = preSolution
		{5AD7B97C-8363-4D5A-B74A-20F6862A5DE0} = {A5AACB63-AC59-49C3-9A9C-4489F8B1D65A}
		{3B866723-181D-469A-8DD6-197A5700C2C9} = {EE711B41-5A40-4E63-A85D-B924A10686CF}
		{E5B9A3E4-87D9-47DD-9674-E249BB5774A8} = {EE711B41-5A40-4E63-A85D-B924A10686CF}
	EndGlobalSection
	GlobalSection(ExtensibilityGlobals) = postSolution
		SolutionGuid = {3DF2E85A-16B4-42B1-B4E4-5BC80F6F36F1}
	EndGlobalSection
EndGlobal
